Microsoft Visual Studio Solution File, Format Version 12.00
# Visual Studio Version 17
VisualStudioVersion = 17.5.2.0
MinimumVisualStudioVersion = 10.0.40219.1
Project("{FAE04EC0-301F-11D3-BF4B-00C04F79EFBC}") = "IAM", "IAM.csproj", "{619CC102-94AE-2C3A-A0C3-47C18FB20442}"
EndProject
Global
	GlobalSection(SolutionConfigurationPlatforms) = preSolution
		Debug|Any CPU = Debug|Any CPU
		Release|Any CPU = Release|Any CPU
	EndGlobalSection
	GlobalSection(ProjectConfigurationPlatforms) = postSolution
		{619CC102-94AE-2C3A-A0C3-47C18FB20442}.Debug|Any CPU.ActiveCfg = Debug|Any CPU
		{619CC102-94AE-2C3A-A0C3-47C18FB20442}.Debug|Any CPU.Build.0 = Debug|Any CPU
		{619CC102-94AE-2C3A-A0C3-47C18FB20442}.Release|Any CPU.ActiveCfg = Release|Any CPU
		{619CC102-94AE-2C3A-A0C3-47C18FB20442}.Release|Any CPU.Build.0 = Release|Any CPU
	EndGlobalSection
	GlobalSection(SolutionProperties) = preSolution
		HideSolutionNode = FALSE
	EndGlobalSection
	GlobalSection(ExtensibilityGlobals) = postSolution
		SolutionGuid = {06F8FF0D-E56E-47A4-9EDA-868BB9426D71}
	EndGlobalSection
EndGlobal
